# THIS IS AN AUTOGENERATED FILE. DO NOT EDIT THIS FILE DIRECTLY.
# yarn lockfile v1


"devcon-js@file:../../core/bin":
  version "0.0.1"
  dependencies:
    node-api-dotnet "^0.9.17"

node-api-dotnet@^0.9.17:
  version "0.9.17"
  resolved "https://registry.yarnpkg.com/node-api-dotnet/-/node-api-dotnet-0.9.17.tgz#5ad34598f2ba3ddb916faf7d18c03810c7bcca99"
  integrity sha512-gNS826swrYc8wvVfGZ/tabzLUcnsJCisfT2B0FiL1uPmTWY3X6syYgapjDr5pXjPaOcgs26YMIKv/rJQMkt9zQ==
